
Microsoft Visual Studio Solution File, Format Version 12.00
# Visual Studio Version 17
VisualStudioVersion = 17.11.35118.90
MinimumVisualStudioVersion = 10.0.40219.1
Project("{FAE04EC0-301F-11D3-BF4B-00C04F79EFBC}") = "HalloDeco", "HalloDeco\HalloDeco.csproj", "{284B385F-B46E-48F4-8C24-61CE32365F3B}"
EndProject
Global
	GlobalSection(SolutionConfigurationPlatforms) = preSolution
		Debug|Any CPU = Debug|Any CPU
		Release|Any CPU = Release|Any CPU
	EndGlobalSection
	GlobalSection(ProjectConfigurationPlatforms) = postSolution
		{284B385F-B46E-48F4-8C24-61CE32365F3B}.Debug|Any CPU.ActiveCfg = Debug|Any CPU
		{284B385F-B46E-48F4-8C24-61CE32365F3B}.Debug|Any CPU.Build.0 = Debug|Any CPU
		{284B385F-B46E-48F4-8C24-61CE32365F3B}.Release|Any CPU.ActiveCfg = Release|Any CPU
		{284B385F-B46E-48F4-8C24-61CE32365F3B}.Release|Any CPU.Build.0 = Release|Any CPU
	EndGlobalSection
	GlobalSection(SolutionProperties) = preSolution
		HideSolutionNode = FALSE
	EndGlobalSection
	GlobalSection(ExtensibilityGlobals) = postSolution
		SolutionGuid = {2F337682-AE28-4ABB-8ECC-3E9B0B7F79A6}
	EndGlobalSection
EndGlobal
