
Microsoft Visual Studio Solution File, Format Version 12.00
# Visual Studio Version 17
VisualStudioVersion = 17.11.35118.90
MinimumVisualStudioVersion = 10.0.40219.1
Project("{FAE04EC0-301F-11D3-BF4B-00C04F79EFBC}") = "Calculator", "Calculator\Calculator.csproj", "{8B859F7A-BD9D-4C20-8C1F-FA6C10D79268}"
EndProject
Project("{FAE04EC0-301F-11D3-BF4B-00C04F79EFBC}") = "Calculator.Tests", "Calculator.Tests\Calculator.Tests.csproj", "{2778C995-43AD-438A-B7FB-213D2515C3D4}"
EndProject
Global
	GlobalSection(SolutionConfigurationPlatforms) = preSolution
		Debug|Any CPU = Debug|Any CPU
		Release|Any CPU = Release|Any CPU
	EndGlobalSection
	GlobalSection(ProjectConfigurationPlatforms) = postSolution
		{8B859F7A-BD9D-4C20-8C1F-FA6C10D79268}.Debug|Any CPU.ActiveCfg = Debug|Any CPU
		{8B859F7A-BD9D-4C20-8C1F-FA6C10D79268}.Debug|Any CPU.Build.0 = Debug|Any CPU
		{8B859F7A-BD9D-4C20-8C1F-FA6C10D79268}.Release|Any CPU.ActiveCfg = Release|Any CPU
		{8B859F7A-BD9D-4C20-8C1F-FA6C10D79268}.Release|Any CPU.Build.0 = Release|Any CPU
		{2778C995-43AD-438A-B7FB-213D2515C3D4}.Debug|Any CPU.ActiveCfg = Debug|Any CPU
		{2778C995-43AD-438A-B7FB-213D2515C3D4}.Debug|Any CPU.Build.0 = Debug|Any CPU
		{2778C995-43AD-438A-B7FB-213D2515C3D4}.Release|Any CPU.ActiveCfg = Release|Any CPU
		{2778C995-43AD-438A-B7FB-213D2515C3D4}.Release|Any CPU.Build.0 = Release|Any CPU
	EndGlobalSection
	GlobalSection(SolutionProperties) = preSolution
		HideSolutionNode = FALSE
	EndGlobalSection
	GlobalSection(ExtensibilityGlobals) = postSolution
		SolutionGuid = {05331EB2-AAB6-455A-B849-EA2CFAD366F9}
	EndGlobalSection
EndGlobal
