
Microsoft Visual Studio Solution File, Format Version 12.00
# Visual Studio Version 17
VisualStudioVersion = 17.11.35118.90
MinimumVisualStudioVersion = 10.0.40219.1
Project("{9A19103F-16F7-4668-BE54-9A1E7A4F7556}") = "ppedv.PizzaOrderManager.Model", "ppedv.PizzaOrderManager.Model\ppedv.PizzaOrderManager.Model.csproj", "{3D4007C5-A806-456D-9C33-BCD5D42F313D}"
EndProject
Project("{9A19103F-16F7-4668-BE54-9A1E7A4F7556}") = "ppedv.PizzaOrderManager.Data.EfCore", "ppedv.PizzaOrderManager.Data.EfCore\ppedv.PizzaOrderManager.Data.EfCore.csproj", "{D460587C-1C0D-496D-B9F2-FAEFBB7E2777}"
EndProject
Project("{9A19103F-16F7-4668-BE54-9A1E7A4F7556}") = "ppedv.PizzaOrderManager.Data.EfCore.Tests", "ppedv.PizzaOrderManager.Data.EfCore.Tests\ppedv.PizzaOrderManager.Data.EfCore.Tests.csproj", "{27F4A8F6-DDAC-4587-AF0C-0C3527225A0A}"
EndProject
Project("{9A19103F-16F7-4668-BE54-9A1E7A4F7556}") = "ppedv.PizzaOrderManager.Logic", "ppedv.PizzaOrderManager.Logic\ppedv.PizzaOrderManager.Logic.csproj", "{847699E4-725D-4018-9150-265815370BA9}"
EndProject
Project("{9A19103F-16F7-4668-BE54-9A1E7A4F7556}") = "ppedv.PizzaOrderManager.UI.DevConsole", "ppedv.PizzaOrderManager.UI.DevConsole\ppedv.PizzaOrderManager.UI.DevConsole.csproj", "{144CDFA5-D2A1-436F-B472-632FB16E429B}"
EndProject
Project("{9A19103F-16F7-4668-BE54-9A1E7A4F7556}") = "ppedv.PizzaOrderManager.UI.WPF", "ppedv.PizzaOrderManager.UI.WPF\ppedv.PizzaOrderManager.UI.WPF.csproj", "{5B25E083-32F2-449E-B531-34EB33B9564F}"
EndProject
Project("{9A19103F-16F7-4668-BE54-9A1E7A4F7556}") = "ppedv.PizzaOrderManager.UI.Web_MVC", "ppedv.PizzaOrderManager.UI.Web_MVC\ppedv.PizzaOrderManager.UI.Web_MVC.csproj", "{811F4414-6898-43F4-93F6-4E4E8AEC732C}"
EndProject
Project("{FAE04EC0-301F-11D3-BF4B-00C04F79EFBC}") = "ppedv.PizzaOrderManager.API", "ppedv.PizzaOrderManager.API\ppedv.PizzaOrderManager.API.csproj", "{3C5AD4DD-8F14-4BF3-95E6-518AAE1496FF}"
EndProject
Project("{FAE04EC0-301F-11D3-BF4B-00C04F79EFBC}") = "ppedv.PizzaOrderManager.Logic.Tests", "ppedv.PizzaOrderManager.Logic.Tests\ppedv.PizzaOrderManager.Logic.Tests.csproj", "{8B9E3D71-CDD9-4A1E-BC18-19CCAF0E5B90}"
EndProject
Global
	GlobalSection(SolutionConfigurationPlatforms) = preSolution
		Debug|Any CPU = Debug|Any CPU
		Release|Any CPU = Release|Any CPU
	EndGlobalSection
	GlobalSection(ProjectConfigurationPlatforms) = postSolution
		{3D4007C5-A806-456D-9C33-BCD5D42F313D}.Debug|Any CPU.ActiveCfg = Debug|Any CPU
		{3D4007C5-A806-456D-9C33-BCD5D42F313D}.Debug|Any CPU.Build.0 = Debug|Any CPU
		{3D4007C5-A806-456D-9C33-BCD5D42F313D}.Release|Any CPU.ActiveCfg = Release|Any CPU
		{3D4007C5-A806-456D-9C33-BCD5D42F313D}.Release|Any CPU.Build.0 = Release|Any CPU
		{D460587C-1C0D-496D-B9F2-FAEFBB7E2777}.Debug|Any CPU.ActiveCfg = Debug|Any CPU
		{D460587C-1C0D-496D-B9F2-FAEFBB7E2777}.Debug|Any CPU.Build.0 = Debug|Any CPU
		{D460587C-1C0D-496D-B9F2-FAEFBB7E2777}.Release|Any CPU.ActiveCfg = Release|Any CPU
		{D460587C-1C0D-496D-B9F2-FAEFBB7E2777}.Release|Any CPU.Build.0 = Release|Any CPU
		{27F4A8F6-DDAC-4587-AF0C-0C3527225A0A}.Debug|Any CPU.ActiveCfg = Debug|Any CPU
		{27F4A8F6-DDAC-4587-AF0C-0C3527225A0A}.Debug|Any CPU.Build.0 = Debug|Any CPU
		{27F4A8F6-DDAC-4587-AF0C-0C3527225A0A}.Release|Any CPU.ActiveCfg = Release|Any CPU
		{27F4A8F6-DDAC-4587-AF0C-0C3527225A0A}.Release|Any CPU.Build.0 = Release|Any CPU
		{847699E4-725D-4018-9150-265815370BA9}.Debug|Any CPU.ActiveCfg = Debug|Any CPU
		{847699E4-725D-4018-9150-265815370BA9}.Debug|Any CPU.Build.0 = Debug|Any CPU
		{847699E4-725D-4018-9150-265815370BA9}.Release|Any CPU.ActiveCfg = Release|Any CPU
		{847699E4-725D-4018-9150-265815370BA9}.Release|Any CPU.Build.0 = Release|Any CPU
		{144CDFA5-D2A1-436F-B472-632FB16E429B}.Debug|Any CPU.ActiveCfg = Debug|Any CPU
		{144CDFA5-D2A1-436F-B472-632FB16E429B}.Debug|Any CPU.Build.0 = Debug|Any CPU
		{144CDFA5-D2A1-436F-B472-632FB16E429B}.Release|Any CPU.ActiveCfg = Release|Any CPU
		{144CDFA5-D2A1-436F-B472-632FB16E429B}.Release|Any CPU.Build.0 = Release|Any CPU
		{5B25E083-32F2-449E-B531-34EB33B9564F}.Debug|Any CPU.ActiveCfg = Debug|Any CPU
		{5B25E083-32F2-449E-B531-34EB33B9564F}.Debug|Any CPU.Build.0 = Debug|Any CPU
		{5B25E083-32F2-449E-B531-34EB33B9564F}.Release|Any CPU.ActiveCfg = Release|Any CPU
		{5B25E083-32F2-449E-B531-34EB33B9564F}.Release|Any CPU.Build.0 = Release|Any CPU
		{811F4414-6898-43F4-93F6-4E4E8AEC732C}.Debug|Any CPU.ActiveCfg = Debug|Any CPU
		{811F4414-6898-43F4-93F6-4E4E8AEC732C}.Debug|Any CPU.Build.0 = Debug|Any CPU
		{811F4414-6898-43F4-93F6-4E4E8AEC732C}.Release|Any CPU.ActiveCfg = Release|Any CPU
		{811F4414-6898-43F4-93F6-4E4E8AEC732C}.Release|Any CPU.Build.0 = Release|Any CPU
		{3C5AD4DD-8F14-4BF3-95E6-518AAE1496FF}.Debug|Any CPU.ActiveCfg = Debug|Any CPU
		{3C5AD4DD-8F14-4BF3-95E6-518AAE1496FF}.Debug|Any CPU.Build.0 = Debug|Any CPU
		{3C5AD4DD-8F14-4BF3-95E6-518AAE1496FF}.Release|Any CPU.ActiveCfg = Release|Any CPU
		{3C5AD4DD-8F14-4BF3-95E6-518AAE1496FF}.Release|Any CPU.Build.0 = Release|Any CPU
		{8B9E3D71-CDD9-4A1E-BC18-19CCAF0E5B90}.Debug|Any CPU.ActiveCfg = Debug|Any CPU
		{8B9E3D71-CDD9-4A1E-BC18-19CCAF0E5B90}.Debug|Any CPU.Build.0 = Debug|Any CPU
		{8B9E3D71-CDD9-4A1E-BC18-19CCAF0E5B90}.Release|Any CPU.ActiveCfg = Release|Any CPU
		{8B9E3D71-CDD9-4A1E-BC18-19CCAF0E5B90}.Release|Any CPU.Build.0 = Release|Any CPU
	EndGlobalSection
	GlobalSection(SolutionProperties) = preSolution
		HideSolutionNode = FALSE
	EndGlobalSection
	GlobalSection(ExtensibilityGlobals) = postSolution
		SolutionGuid = {76BD4E68-F577-4ADF-8617-E919C20CD0D2}
	EndGlobalSection
EndGlobal
